
Microsoft Visual Studio Solution File, Format Version 12.00
# Visual Studio 15
VisualStudioVersion = 15.0.27130.2024
MinimumVisualStudioVersion = 10.0.40219.1
Project("{FAE04EC0-301F-11D3-BF4B-00C04F79EFBC}") = "MovieManagerMVC", "MovieManagerMVC\MovieManagerMVC.csproj", "{123717EE-A2DB-4B29-AB04-1CE9EAAE99CD}"
EndProject
Project("{FAE04EC0-301F-11D3-BF4B-00C04F79EFBC}") = "MovieLibrary", "MovieLibrary\MovieLibrary.csproj", "{8640F26E-970E-4D71-83F0-3B6A790D092F}"
EndProject
Global
	GlobalSection(SolutionConfigurationPlatforms) = preSolution
		Debug|Any CPU = Debug|Any CPU
		Release|Any CPU = Release|Any CPU
	EndGlobalSection
	GlobalSection(ProjectConfigurationPlatforms) = postSolution
		{123717EE-A2DB-4B29-AB04-1CE9EAAE99CD}.Debug|Any CPU.ActiveCfg = Debug|Any CPU
		{123717EE-A2DB-4B29-AB04-1CE9EAAE99CD}.Debug|Any CPU.Build.0 = Debug|Any CPU
		{123717EE-A2DB-4B29-AB04-1CE9EAAE99CD}.Release|Any CPU.ActiveCfg = Release|Any CPU
		{123717EE-A2DB-4B29-AB04-1CE9EAAE99CD}.Release|Any CPU.Build.0 = Release|Any CPU
		{8640F26E-970E-4D71-83F0-3B6A790D092F}.Debug|Any CPU.ActiveCfg = Debug|Any CPU
		{8640F26E-970E-4D71-83F0-3B6A790D092F}.Debug|Any CPU.Build.0 = Debug|Any CPU
		{8640F26E-970E-4D71-83F0-3B6A790D092F}.Release|Any CPU.ActiveCfg = Release|Any CPU
		{8640F26E-970E-4D71-83F0-3B6A790D092F}.Release|Any CPU.Build.0 = Release|Any CPU
	EndGlobalSection
	GlobalSection(SolutionProperties) = preSolution
		HideSolutionNode = FALSE
	EndGlobalSection
	GlobalSection(ExtensibilityGlobals) = postSolution
		SolutionGuid = {7E27A80C-6E58-46AD-AA47-7559BAF3B942}
	EndGlobalSection
EndGlobal
